// !$*UTF8*$!
{
	archiveVersion = 1;
	classes = {
	};
	objectVersion = 50;
	objects = {

/* Begin PBXBuildFile section */
		4FC810D0229B11AD00AEAE1A /* GoogleService-Info.plist in Resources */ = {isa = PBXBuildFile; fileRef = 4FC810CF229B11AD00AEAE1A /* GoogleService-Info.plist */; };
		4FE086BE229B163400381229 /* AgoraViewController.swift in Sources */ = {isa = PBXBuildFile; fileRef = 4FE086BD229B163400381229 /* AgoraViewController.swift */; };
		4FE086C0229B22F400381229 /* CreateRoomViewController.swift in Sources */ = {isa = PBXBuildFile; fileRef = 4FE086BF229B22F400381229 /* CreateRoomViewController.swift */; };
		4FE9590F229B65F0006B232A /* GetCodeViewController.swift in Sources */ = {isa = PBXBuildFile; fileRef = 4FE9590E229B65F0006B232A /* GetCodeViewController.swift */; };
		4FE95911229B6A04006B232A /* ClassroomViewController.swift in Sources */ = {isa = PBXBuildFile; fileRef = 4FE95910229B6A04006B232A /* ClassroomViewController.swift */; };
		4FE95914229B6B3D006B232A /* FirebaseHelper.swift in Sources */ = {isa = PBXBuildFile; fileRef = 4FE95913229B6B3D006B232A /* FirebaseHelper.swift */; };
		4FFDEFB1229B522F00581083 /* NanoID.swift in Sources */ = {isa = PBXBuildFile; fileRef = 4FFDEFB0229B522F00581083 /* NanoID.swift */; };
		4FFDEFB4229B533200581083 /* Classroom.swift in Sources */ = {isa = PBXBuildFile; fileRef = 4FFDEFB3229B533200581083 /* Classroom.swift */; };
		6EF70EA50A6835C9B9A84588 /* Pods_agora.framework in Frameworks */ = {isa = PBXBuildFile; fileRef = 6AD653D3A00E1EF0C4903EFD /* Pods_agora.framework */; };
		800D2DB92293B60D00079DEC /* Righteous-Regular.ttf in Resources */ = {isa = PBXBuildFile; fileRef = 800D2DB32293B60D00079DEC /* Righteous-Regular.ttf */; };
		800D2DBA2293B60D00079DEC /* ZillaSlab-SemiBold.ttf in Resources */ = {isa = PBXBuildFile; fileRef = 800D2DB42293B60D00079DEC /* ZillaSlab-SemiBold.ttf */; };
		800D2DBB2293B60D00079DEC /* ZillaSlab-Bold.ttf in Resources */ = {isa = PBXBuildFile; fileRef = 800D2DB52293B60D00079DEC /* ZillaSlab-Bold.ttf */; };
		800D2DBC2293B60D00079DEC /* CreteRound-Regular.ttf in Resources */ = {isa = PBXBuildFile; fileRef = 800D2DB62293B60D00079DEC /* CreteRound-Regular.ttf */; };
		800D2DBD2293B60D00079DEC /* ZillaSlab-Regular.ttf in Resources */ = {isa = PBXBuildFile; fileRef = 800D2DB72293B60D00079DEC /* ZillaSlab-Regular.ttf */; };
		800D2DBE2293B60D00079DEC /* ZillaSlab-Medium.ttf in Resources */ = {isa = PBXBuildFile; fileRef = 800D2DB82293B60D00079DEC /* ZillaSlab-Medium.ttf */; };
		800D2DC02293BD7200079DEC /* FirstPhaseRoomController.swift in Sources */ = {isa = PBXBuildFile; fileRef = 800D2DBF2293BD7200079DEC /* FirstPhaseRoomController.swift */; };
		800D2DC22293C15B00079DEC /* SecondPhaseRoomController.swift in Sources */ = {isa = PBXBuildFile; fileRef = 800D2DC12293C15B00079DEC /* SecondPhaseRoomController.swift */; };
		800D2DC42293C16C00079DEC /* ThirdPhaseRoomController.swift in Sources */ = {isa = PBXBuildFile; fileRef = 800D2DC32293C16C00079DEC /* ThirdPhaseRoomController.swift */; };
		800D2DC62293C1A400079DEC /* WriteTextController.swift in Sources */ = {isa = PBXBuildFile; fileRef = 800D2DC52293C1A400079DEC /* WriteTextController.swift */; };
		800D2DC82293C1B100079DEC /* GradeTextController.swift in Sources */ = {isa = PBXBuildFile; fileRef = 800D2DC72293C1B100079DEC /* GradeTextController.swift */; };
		800D2DCA2293D55600079DEC /* HorizontalPanner.swift in Sources */ = {isa = PBXBuildFile; fileRef = 800D2DC92293D55600079DEC /* HorizontalPanner.swift */; };
		AC0B983E2290F491008E8FCE /* AppDelegate.swift in Sources */ = {isa = PBXBuildFile; fileRef = AC0B983D2290F491008E8FCE /* AppDelegate.swift */; };
		AC0B98402290F491008E8FCE /* ViewController.swift in Sources */ = {isa = PBXBuildFile; fileRef = AC0B983F2290F491008E8FCE /* ViewController.swift */; };
		AC0B98432290F491008E8FCE /* Main.storyboard in Resources */ = {isa = PBXBuildFile; fileRef = AC0B98412290F491008E8FCE /* Main.storyboard */; };
		AC0B98452290F494008E8FCE /* Assets.xcassets in Resources */ = {isa = PBXBuildFile; fileRef = AC0B98442290F494008E8FCE /* Assets.xcassets */; };
		AC0B98482290F494008E8FCE /* LaunchScreen.storyboard in Resources */ = {isa = PBXBuildFile; fileRef = AC0B98462290F494008E8FCE /* LaunchScreen.storyboard */; };
		ACF3BF2E2290F5E3002899D7 /* SignupViewController.swift in Sources */ = {isa = PBXBuildFile; fileRef = ACF3BF272290F5E2002899D7 /* SignupViewController.swift */; };
		ACF3BF2F2290F5E3002899D7 /* LoginViewController.swift in Sources */ = {isa = PBXBuildFile; fileRef = ACF3BF282290F5E2002899D7 /* LoginViewController.swift */; };
		ACF3BF302290F5E3002899D7 /* UserViewController.swift in Sources */ = {isa = PBXBuildFile; fileRef = ACF3BF292290F5E2002899D7 /* UserViewController.swift */; };
		ACF3BF312290F5E3002899D7 /* UserNavigationController.swift in Sources */ = {isa = PBXBuildFile; fileRef = ACF3BF2A2290F5E2002899D7 /* UserNavigationController.swift */; };
		ACF3BF332290F5E3002899D7 /* MainNavigationController.swift in Sources */ = {isa = PBXBuildFile; fileRef = ACF3BF2C2290F5E2002899D7 /* MainNavigationController.swift */; };
		ACF3BF342290F5E3002899D7 /* AppSingleton.swift in Sources */ = {isa = PBXBuildFile; fileRef = ACF3BF2D2290F5E2002899D7 /* AppSingleton.swift */; };
/* End PBXBuildFile section */

/* Begin PBXFileReference section */
		4FC810CF229B11AD00AEAE1A /* GoogleService-Info.plist */ = {isa = PBXFileReference; fileEncoding = 4; lastKnownFileType = text.plist.xml; path = "GoogleService-Info.plist"; sourceTree = "<group>"; };
		4FE086BD229B163400381229 /* AgoraViewController.swift */ = {isa = PBXFileReference; lastKnownFileType = sourcecode.swift; path = AgoraViewController.swift; sourceTree = "<group>"; };
		4FE086BF229B22F400381229 /* CreateRoomViewController.swift */ = {isa = PBXFileReference; lastKnownFileType = sourcecode.swift; path = CreateRoomViewController.swift; sourceTree = "<group>"; };
		4FE9590E229B65F0006B232A /* GetCodeViewController.swift */ = {isa = PBXFileReference; lastKnownFileType = sourcecode.swift; path = GetCodeViewController.swift; sourceTree = "<group>"; };
		4FE95910229B6A04006B232A /* ClassroomViewController.swift */ = {isa = PBXFileReference; lastKnownFileType = sourcecode.swift; path = ClassroomViewController.swift; sourceTree = "<group>"; };
		4FE95913229B6B3D006B232A /* FirebaseHelper.swift */ = {isa = PBXFileReference; lastKnownFileType = sourcecode.swift; path = FirebaseHelper.swift; sourceTree = "<group>"; };
		4FFDEFB0229B522F00581083 /* NanoID.swift */ = {isa = PBXFileReference; lastKnownFileType = sourcecode.swift; path = NanoID.swift; sourceTree = "<group>"; };
		4FFDEFB3229B533200581083 /* Classroom.swift */ = {isa = PBXFileReference; lastKnownFileType = sourcecode.swift; path = Classroom.swift; sourceTree = "<group>"; };
		6AD653D3A00E1EF0C4903EFD /* Pods_agora.framework */ = {isa = PBXFileReference; explicitFileType = wrapper.framework; includeInIndex = 0; path = Pods_agora.framework; sourceTree = BUILT_PRODUCTS_DIR; };
		800D2DB32293B60D00079DEC /* Righteous-Regular.ttf */ = {isa = PBXFileReference; lastKnownFileType = file; name = "Righteous-Regular.ttf"; path = "Fonts/Righteous-Regular.ttf"; sourceTree = "<group>"; };
		800D2DB42293B60D00079DEC /* ZillaSlab-SemiBold.ttf */ = {isa = PBXFileReference; lastKnownFileType = file; name = "ZillaSlab-SemiBold.ttf"; path = "Fonts/ZillaSlab-SemiBold.ttf"; sourceTree = "<group>"; };
		800D2DB52293B60D00079DEC /* ZillaSlab-Bold.ttf */ = {isa = PBXFileReference; lastKnownFileType = file; name = "ZillaSlab-Bold.ttf"; path = "Fonts/ZillaSlab-Bold.ttf"; sourceTree = "<group>"; };
		800D2DB62293B60D00079DEC /* CreteRound-Regular.ttf */ = {isa = PBXFileReference; lastKnownFileType = file; name = "CreteRound-Regular.ttf"; path = "Fonts/CreteRound-Regular.ttf"; sourceTree = "<group>"; };
		800D2DB72293B60D00079DEC /* ZillaSlab-Regular.ttf */ = {isa = PBXFileReference; lastKnownFileType = file; name = "ZillaSlab-Regular.ttf"; path = "Fonts/ZillaSlab-Regular.ttf"; sourceTree = "<group>"; };
		800D2DB82293B60D00079DEC /* ZillaSlab-Medium.ttf */ = {isa = PBXFileReference; lastKnownFileType = file; name = "ZillaSlab-Medium.ttf"; path = "Fonts/ZillaSlab-Medium.ttf"; sourceTree = "<group>"; };
		800D2DBF2293BD7200079DEC /* FirstPhaseRoomController.swift */ = {isa = PBXFileReference; lastKnownFileType = sourcecode.swift; path = FirstPhaseRoomController.swift; sourceTree = "<group>"; };
		800D2DC12293C15B00079DEC /* SecondPhaseRoomController.swift */ = {isa = PBXFileReference; lastKnownFileType = sourcecode.swift; path = SecondPhaseRoomController.swift; sourceTree = "<group>"; };
		800D2DC32293C16C00079DEC /* ThirdPhaseRoomController.swift */ = {isa = PBXFileReference; lastKnownFileType = sourcecode.swift; path = ThirdPhaseRoomController.swift; sourceTree = "<group>"; };
		800D2DC52293C1A400079DEC /* WriteTextController.swift */ = {isa = PBXFileReference; lastKnownFileType = sourcecode.swift; path = WriteTextController.swift; sourceTree = "<group>"; };
		800D2DC72293C1B100079DEC /* GradeTextController.swift */ = {isa = PBXFileReference; lastKnownFileType = sourcecode.swift; path = GradeTextController.swift; sourceTree = "<group>"; };
		800D2DC92293D55600079DEC /* HorizontalPanner.swift */ = {isa = PBXFileReference; lastKnownFileType = sourcecode.swift; path = HorizontalPanner.swift; sourceTree = "<group>"; };
		AC0B983A2290F491008E8FCE /* agora.app */ = {isa = PBXFileReference; explicitFileType = wrapper.application; includeInIndex = 0; path = agora.app; sourceTree = BUILT_PRODUCTS_DIR; };
		AC0B983D2290F491008E8FCE /* AppDelegate.swift */ = {isa = PBXFileReference; lastKnownFileType = sourcecode.swift; path = AppDelegate.swift; sourceTree = "<group>"; };
		AC0B983F2290F491008E8FCE /* ViewController.swift */ = {isa = PBXFileReference; lastKnownFileType = sourcecode.swift; path = ViewController.swift; sourceTree = "<group>"; };
		AC0B98422290F491008E8FCE /* Base */ = {isa = PBXFileReference; lastKnownFileType = file.storyboard; name = Base; path = Base.lproj/Main.storyboard; sourceTree = "<group>"; };
		AC0B98442290F494008E8FCE /* Assets.xcassets */ = {isa = PBXFileReference; lastKnownFileType = folder.assetcatalog; path = Assets.xcassets; sourceTree = "<group>"; };
		AC0B98472290F494008E8FCE /* Base */ = {isa = PBXFileReference; lastKnownFileType = file.storyboard; name = Base; path = Base.lproj/LaunchScreen.storyboard; sourceTree = "<group>"; };
		AC0B98492290F494008E8FCE /* Info.plist */ = {isa = PBXFileReference; lastKnownFileType = text.plist.xml; path = Info.plist; sourceTree = "<group>"; };
		ACF3BF272290F5E2002899D7 /* SignupViewController.swift */ = {isa = PBXFileReference; fileEncoding = 4; lastKnownFileType = sourcecode.swift; path = SignupViewController.swift; sourceTree = "<group>"; };
		ACF3BF282290F5E2002899D7 /* LoginViewController.swift */ = {isa = PBXFileReference; fileEncoding = 4; lastKnownFileType = sourcecode.swift; path = LoginViewController.swift; sourceTree = "<group>"; };
		ACF3BF292290F5E2002899D7 /* UserViewController.swift */ = {isa = PBXFileReference; fileEncoding = 4; lastKnownFileType = sourcecode.swift; path = UserViewController.swift; sourceTree = "<group>"; };
		ACF3BF2A2290F5E2002899D7 /* UserNavigationController.swift */ = {isa = PBXFileReference; fileEncoding = 4; lastKnownFileType = sourcecode.swift; path = UserNavigationController.swift; sourceTree = "<group>"; };
		ACF3BF2C2290F5E2002899D7 /* MainNavigationController.swift */ = {isa = PBXFileReference; fileEncoding = 4; lastKnownFileType = sourcecode.swift; path = MainNavigationController.swift; sourceTree = "<group>"; };
		ACF3BF2D2290F5E2002899D7 /* AppSingleton.swift */ = {isa = PBXFileReference; fileEncoding = 4; lastKnownFileType = sourcecode.swift; path = AppSingleton.swift; sourceTree = "<group>"; };
		DCB0283DC11BB40817358C1C /* Pods-agora.debug.xcconfig */ = {isa = PBXFileReference; includeInIndex = 1; lastKnownFileType = text.xcconfig; name = "Pods-agora.debug.xcconfig"; path = "Pods/Target Support Files/Pods-agora/Pods-agora.debug.xcconfig"; sourceTree = "<group>"; };
		FA7F0471CA15B350D4DDA445 /* Pods-agora.release.xcconfig */ = {isa = PBXFileReference; includeInIndex = 1; lastKnownFileType = text.xcconfig; name = "Pods-agora.release.xcconfig"; path = "Pods/Target Support Files/Pods-agora/Pods-agora.release.xcconfig"; sourceTree = "<group>"; };
/* End PBXFileReference section */

/* Begin PBXFrameworksBuildPhase section */
		AC0B98372290F491008E8FCE /* Frameworks */ = {
			isa = PBXFrameworksBuildPhase;
			buildActionMask = 2147483647;
			files = (
				6EF70EA50A6835C9B9A84588 /* Pods_agora.framework in Frameworks */,
			);
			runOnlyForDeploymentPostprocessing = 0;
		};
/* End PBXFrameworksBuildPhase section */

/* Begin PBXGroup section */
		3516890DF6E1B04171B727B5 /* Pods */ = {
			isa = PBXGroup;
			children = (
				DCB0283DC11BB40817358C1C /* Pods-agora.debug.xcconfig */,
				FA7F0471CA15B350D4DDA445 /* Pods-agora.release.xcconfig */,
			);
			name = Pods;
			sourceTree = "<group>";
		};
		4FE9590D229B65C0006B232A /* controllers */ = {
			isa = PBXGroup;
			children = (
				4FE9590E229B65F0006B232A /* GetCodeViewController.swift */,
				4FE95910229B6A04006B232A /* ClassroomViewController.swift */,
			);
			path = controllers;
			sourceTree = "<group>";
		};
		4FE95912229B6B2D006B232A /* helpers */ = {
			isa = PBXGroup;
			children = (
				4FE95913229B6B3D006B232A /* FirebaseHelper.swift */,
			);
			path = helpers;
			sourceTree = "<group>";
		};
		4FFDEFB2229B532300581083 /* models */ = {
			isa = PBXGroup;
			children = (
				4FFDEFB3229B533200581083 /* Classroom.swift */,
			);
			path = models;
			sourceTree = "<group>";
		};
		AC0B98312290F491008E8FCE = {
			isa = PBXGroup;
			children = (
				AC0B983C2290F491008E8FCE /* agora */,
				AC0B983B2290F491008E8FCE /* Products */,
				3516890DF6E1B04171B727B5 /* Pods */,
				CDEC995DEEBED7999FD9876D /* Frameworks */,
			);
			sourceTree = "<group>";
		};
		AC0B983B2290F491008E8FCE /* Products */ = {
			isa = PBXGroup;
			children = (
				AC0B983A2290F491008E8FCE /* agora.app */,
			);
			name = Products;
			sourceTree = "<group>";
		};
		AC0B983C2290F491008E8FCE /* agora */ = {
			isa = PBXGroup;
			children = (
				4FE95912229B6B2D006B232A /* helpers */,
				4FE9590D229B65C0006B232A /* controllers */,
				4FFDEFB2229B532300581083 /* models */,
				800D2DB62293B60D00079DEC /* CreteRound-Regular.ttf */,
				800D2DB32293B60D00079DEC /* Righteous-Regular.ttf */,
				800D2DB52293B60D00079DEC /* ZillaSlab-Bold.ttf */,
				800D2DB82293B60D00079DEC /* ZillaSlab-Medium.ttf */,
				800D2DB72293B60D00079DEC /* ZillaSlab-Regular.ttf */,
				800D2DB42293B60D00079DEC /* ZillaSlab-SemiBold.ttf */,
				AC0B983D2290F491008E8FCE /* AppDelegate.swift */,
				AC0B983F2290F491008E8FCE /* ViewController.swift */,
				AC0B98412290F491008E8FCE /* Main.storyboard */,
				AC0B98442290F494008E8FCE /* Assets.xcassets */,
				AC0B98462290F494008E8FCE /* LaunchScreen.storyboard */,
				ACF3BF282290F5E2002899D7 /* LoginViewController.swift */,
				ACF3BF2C2290F5E2002899D7 /* MainNavigationController.swift */,
				ACF3BF272290F5E2002899D7 /* SignupViewController.swift */,
				ACF3BF2D2290F5E2002899D7 /* AppSingleton.swift */,
				ACF3BF2A2290F5E2002899D7 /* UserNavigationController.swift */,
				ACF3BF292290F5E2002899D7 /* UserViewController.swift */,
				800D2DBF2293BD7200079DEC /* FirstPhaseRoomController.swift */,
				800D2DC12293C15B00079DEC /* SecondPhaseRoomController.swift */,
				800D2DC32293C16C00079DEC /* ThirdPhaseRoomController.swift */,
				AC0B98492290F494008E8FCE /* Info.plist */,
				800D2DC52293C1A400079DEC /* WriteTextController.swift */,
				800D2DC72293C1B100079DEC /* GradeTextController.swift */,
				800D2DC92293D55600079DEC /* HorizontalPanner.swift */,
				4FC810CF229B11AD00AEAE1A /* GoogleService-Info.plist */,
				4FE086BD229B163400381229 /* AgoraViewController.swift */,
				4FE086BF229B22F400381229 /* CreateRoomViewController.swift */,
				4FFDEFB0229B522F00581083 /* NanoID.swift */,
			);
			path = agora;
			sourceTree = "<group>";
		};
		CDEC995DEEBED7999FD9876D /* Frameworks */ = {
			isa = PBXGroup;
			children = (
				6AD653D3A00E1EF0C4903EFD /* Pods_agora.framework */,
			);
			name = Frameworks;
			sourceTree = "<group>";
		};
/* End PBXGroup section */

/* Begin PBXNativeTarget section */
		AC0B98392290F491008E8FCE /* agora */ = {
			isa = PBXNativeTarget;
			buildConfigurationList = AC0B984C2290F494008E8FCE /* Build configuration list for PBXNativeTarget "agora" */;
			buildPhases = (
				674CDCEE059B292400332E38 /* [CP] Check Pods Manifest.lock */,
				AC0B98362290F491008E8FCE /* Sources */,
				AC0B98372290F491008E8FCE /* Frameworks */,
				AC0B98382290F491008E8FCE /* Resources */,
				01DC10540AFC888008A55C0B /* [CP] Embed Pods Frameworks */,
			);
			buildRules = (
			);
			dependencies = (
			);
			name = agora;
			productName = agora;
			productReference = AC0B983A2290F491008E8FCE /* agora.app */;
			productType = "com.apple.product-type.application";
		};
/* End PBXNativeTarget section */

/* Begin PBXProject section */
		AC0B98322290F491008E8FCE /* Project object */ = {
			isa = PBXProject;
			attributes = {
				LastSwiftUpdateCheck = 1020;
				LastUpgradeCheck = 1020;
				ORGANIZATIONNAME = agora;
				TargetAttributes = {
					AC0B98392290F491008E8FCE = {
						CreatedOnToolsVersion = 10.2.1;
					};
				};
			};
			buildConfigurationList = AC0B98352290F491008E8FCE /* Build configuration list for PBXProject "agora" */;
			compatibilityVersion = "Xcode 9.3";
			developmentRegion = en;
			hasScannedForEncodings = 0;
			knownRegions = (
				en,
				Base,
			);
			mainGroup = AC0B98312290F491008E8FCE;
			productRefGroup = AC0B983B2290F491008E8FCE /* Products */;
			projectDirPath = "";
			projectRoot = "";
			targets = (
				AC0B98392290F491008E8FCE /* agora */,
			);
		};
/* End PBXProject section */

/* Begin PBXResourcesBuildPhase section */
		AC0B98382290F491008E8FCE /* Resources */ = {
			isa = PBXResourcesBuildPhase;
			buildActionMask = 2147483647;
			files = (
				AC0B98482290F494008E8FCE /* LaunchScreen.storyboard in Resources */,
				AC0B98452290F494008E8FCE /* Assets.xcassets in Resources */,
				800D2DBE2293B60D00079DEC /* ZillaSlab-Medium.ttf in Resources */,
				800D2DBA2293B60D00079DEC /* ZillaSlab-SemiBold.ttf in Resources */,
				800D2DBD2293B60D00079DEC /* ZillaSlab-Regular.ttf in Resources */,
				800D2DB92293B60D00079DEC /* Righteous-Regular.ttf in Resources */,
				800D2DBC2293B60D00079DEC /* CreteRound-Regular.ttf in Resources */,
				4FC810D0229B11AD00AEAE1A /* GoogleService-Info.plist in Resources */,
				AC0B98432290F491008E8FCE /* Main.storyboard in Resources */,
				800D2DBB2293B60D00079DEC /* ZillaSlab-Bold.ttf in Resources */,
			);
			runOnlyForDeploymentPostprocessing = 0;
		};
/* End PBXResourcesBuildPhase section */

/* Begin PBXShellScriptBuildPhase section */
		01DC10540AFC888008A55C0B /* [CP] Embed Pods Frameworks */ = {
			isa = PBXShellScriptBuildPhase;
			buildActionMask = 2147483647;
			files = (
			);
			inputFileListPaths = (
			);
			inputPaths = (
				"${PODS_ROOT}/Target Support Files/Pods-agora/Pods-agora-frameworks.sh",
				"${BUILT_PRODUCTS_DIR}/CodableFirebase/CodableFirebase.framework",
				"${BUILT_PRODUCTS_DIR}/GTMSessionFetcher/GTMSessionFetcher.framework",
				"${BUILT_PRODUCTS_DIR}/GoogleUtilities/GoogleUtilities.framework",
				"${BUILT_PRODUCTS_DIR}/leveldb-library/leveldb.framework",
				"${BUILT_PRODUCTS_DIR}/nanopb/nanopb.framework",
			);
			name = "[CP] Embed Pods Frameworks";
			outputFileListPaths = (
			);
			outputPaths = (
				"${TARGET_BUILD_DIR}/${FRAMEWORKS_FOLDER_PATH}/CodableFirebase.framework",
				"${TARGET_BUILD_DIR}/${FRAMEWORKS_FOLDER_PATH}/GTMSessionFetcher.framework",
				"${TARGET_BUILD_DIR}/${FRAMEWORKS_FOLDER_PATH}/GoogleUtilities.framework",
				"${TARGET_BUILD_DIR}/${FRAMEWORKS_FOLDER_PATH}/leveldb.framework",
				"${TARGET_BUILD_DIR}/${FRAMEWORKS_FOLDER_PATH}/nanopb.framework",
			);
			runOnlyForDeploymentPostprocessing = 0;
			shellPath = /bin/sh;
			shellScript = "\"${PODS_ROOT}/Target Support Files/Pods-agora/Pods-agora-frameworks.sh\"\n";
			showEnvVarsInLog = 0;
		};
		674CDCEE059B292400332E38 /* [CP] Check Pods Manifest.lock */ = {
			isa = PBXShellScriptBuildPhase;
			buildActionMask = 2147483647;
			files = (
			);
			inputFileListPaths = (
			);
			inputPaths = (
				"${PODS_PODFILE_DIR_PATH}/Podfile.lock",
				"${PODS_ROOT}/Manifest.lock",
			);
			name = "[CP] Check Pods Manifest.lock";
			outputFileListPaths = (
			);
			outputPaths = (
				"$(DERIVED_FILE_DIR)/Pods-agora-checkManifestLockResult.txt",
			);
			runOnlyForDeploymentPostprocessing = 0;
			shellPath = /bin/sh;
			shellScript = "diff \"${PODS_PODFILE_DIR_PATH}/Podfile.lock\" \"${PODS_ROOT}/Manifest.lock\" > /dev/null\nif [ $? != 0 ] ; then\n    # print error to STDERR\n    echo \"error: The sandbox is not in sync with the Podfile.lock. Run 'pod install' or update your CocoaPods installation.\" >&2\n    exit 1\nfi\n# This output is used by Xcode 'outputs' to avoid re-running this script phase.\necho \"SUCCESS\" > \"${SCRIPT_OUTPUT_FILE_0}\"\n";
			showEnvVarsInLog = 0;
		};
/* End PBXShellScriptBuildPhase section */

/* Begin PBXSourcesBuildPhase section */
		AC0B98362290F491008E8FCE /* Sources */ = {
			isa = PBXSourcesBuildPhase;
			buildActionMask = 2147483647;
			files = (
				800D2DC62293C1A400079DEC /* WriteTextController.swift in Sources */,
				ACF3BF2F2290F5E3002899D7 /* LoginViewController.swift in Sources */,
				ACF3BF332290F5E3002899D7 /* MainNavigationController.swift in Sources */,
				800D2DC22293C15B00079DEC /* SecondPhaseRoomController.swift in Sources */,
				ACF3BF302290F5E3002899D7 /* UserViewController.swift in Sources */,
				800D2DCA2293D55600079DEC /* HorizontalPanner.swift in Sources */,
				4FFDEFB1229B522F00581083 /* NanoID.swift in Sources */,
				4FE95914229B6B3D006B232A /* FirebaseHelper.swift in Sources */,
				800D2DC42293C16C00079DEC /* ThirdPhaseRoomController.swift in Sources */,
				ACF3BF312290F5E3002899D7 /* UserNavigationController.swift in Sources */,
				ACF3BF2E2290F5E3002899D7 /* SignupViewController.swift in Sources */,
				4FE086C0229B22F400381229 /* CreateRoomViewController.swift in Sources */,
				AC0B98402290F491008E8FCE /* ViewController.swift in Sources */,
				800D2DC82293C1B100079DEC /* GradeTextController.swift in Sources */,
				ACF3BF342290F5E3002899D7 /* AppSingleton.swift in Sources */,
				4FFDEFB4229B533200581083 /* Classroom.swift in Sources */,
				4FE9590F229B65F0006B232A /* GetCodeViewController.swift in Sources */,
				800D2DC02293BD7200079DEC /* FirstPhaseRoomController.swift in Sources */,
				4FE086BE229B163400381229 /* AgoraViewController.swift in Sources */,
				4FE95911229B6A04006B232A /* ClassroomViewController.swift in Sources */,
				AC0B983E2290F491008E8FCE /* AppDelegate.swift in Sources */,
			);
			runOnlyForDeploymentPostprocessing = 0;
		};
/* End PBXSourcesBuildPhase section */

/* Begin PBXVariantGroup section */
		AC0B98412290F491008E8FCE /* Main.storyboard */ = {
			isa = PBXVariantGroup;
			children = (
				AC0B98422290F491008E8FCE /* Base */,
			);
			name = Main.storyboard;
			sourceTree = "<group>";
		};
		AC0B98462290F494008E8FCE /* LaunchScreen.storyboard */ = {
			isa = PBXVariantGroup;
			children = (
				AC0B98472290F494008E8FCE /* Base */,
			);
			name = LaunchScreen.storyboard;
			sourceTree = "<group>";
		};
/* End PBXVariantGroup section */

/* Begin XCBuildConfiguration section */
		AC0B984A2290F494008E8FCE /* Debug */ = {
			isa = XCBuildConfiguration;
			buildSettings = {
				ALWAYS_SEARCH_USER_PATHS = NO;
				CLANG_ANALYZER_NONNULL = YES;
				CLANG_ANALYZER_NUMBER_OBJECT_CONVERSION = YES_AGGRESSIVE;
				CLANG_CXX_LANGUAGE_STANDARD = "gnu++14";
				CLANG_CXX_LIBRARY = "libc++";
				CLANG_ENABLE_MODULES = YES;
				CLANG_ENABLE_OBJC_ARC = YES;
				CLANG_ENABLE_OBJC_WEAK = YES;
				CLANG_WARN_BLOCK_CAPTURE_AUTORELEASING = YES;
				CLANG_WARN_BOOL_CONVERSION = YES;
				CLANG_WARN_COMMA = YES;
				CLANG_WARN_CONSTANT_CONVERSION = YES;
				CLANG_WARN_DEPRECATED_OBJC_IMPLEMENTATIONS = YES;
				CLANG_WARN_DIRECT_OBJC_ISA_USAGE = YES_ERROR;
				CLANG_WARN_DOCUMENTATION_COMMENTS = YES;
				CLANG_WARN_EMPTY_BODY = YES;
				CLANG_WARN_ENUM_CONVERSION = YES;
				CLANG_WARN_INFINITE_RECURSION = YES;
				CLANG_WARN_INT_CONVERSION = YES;
				CLANG_WARN_NON_LITERAL_NULL_CONVERSION = YES;
				CLANG_WARN_OBJC_IMPLICIT_RETAIN_SELF = YES;
				CLANG_WARN_OBJC_LITERAL_CONVERSION = YES;
				CLANG_WARN_OBJC_ROOT_CLASS = YES_ERROR;
				CLANG_WARN_RANGE_LOOP_ANALYSIS = YES;
				CLANG_WARN_STRICT_PROTOTYPES = YES;
				CLANG_WARN_SUSPICIOUS_MOVE = YES;
				CLANG_WARN_UNGUARDED_AVAILABILITY = YES_AGGRESSIVE;
				CLANG_WARN_UNREACHABLE_CODE = YES;
				CLANG_WARN__DUPLICATE_METHOD_MATCH = YES;
				CODE_SIGN_IDENTITY = "iPhone Developer";
				COPY_PHASE_STRIP = NO;
				DEBUG_INFORMATION_FORMAT = dwarf;
				ENABLE_STRICT_OBJC_MSGSEND = YES;
				ENABLE_TESTABILITY = YES;
				GCC_C_LANGUAGE_STANDARD = gnu11;
				GCC_DYNAMIC_NO_PIC = NO;
				GCC_NO_COMMON_BLOCKS = YES;
				GCC_OPTIMIZATION_LEVEL = 0;
				GCC_PREPROCESSOR_DEFINITIONS = (
					"DEBUG=1",
					"$(inherited)",
				);
				GCC_WARN_64_TO_32_BIT_CONVERSION = YES;
				GCC_WARN_ABOUT_RETURN_TYPE = YES_ERROR;
				GCC_WARN_UNDECLARED_SELECTOR = YES;
				GCC_WARN_UNINITIALIZED_AUTOS = YES_AGGRESSIVE;
				GCC_WARN_UNUSED_FUNCTION = YES;
				GCC_WARN_UNUSED_VARIABLE = YES;
				IPHONEOS_DEPLOYMENT_TARGET = 12.2;
				MTL_ENABLE_DEBUG_INFO = INCLUDE_SOURCE;
				MTL_FAST_MATH = YES;
				ONLY_ACTIVE_ARCH = YES;
				SDKROOT = iphoneos;
				SWIFT_ACTIVE_COMPILATION_CONDITIONS = DEBUG;
				SWIFT_OPTIMIZATION_LEVEL = "-Onone";
			};
			name = Debug;
		};
		AC0B984B2290F494008E8FCE /* Release */ = {
			isa = XCBuildConfiguration;
			buildSettings = {
				ALWAYS_SEARCH_USER_PATHS = NO;
				CLANG_ANALYZER_NONNULL = YES;
				CLANG_ANALYZER_NUMBER_OBJECT_CONVERSION = YES_AGGRESSIVE;
				CLANG_CXX_LANGUAGE_STANDARD = "gnu++14";
				CLANG_CXX_LIBRARY = "libc++";
				CLANG_ENABLE_MODULES = YES;
				CLANG_ENABLE_OBJC_ARC = YES;
				CLANG_ENABLE_OBJC_WEAK = YES;
				CLANG_WARN_BLOCK_CAPTURE_AUTORELEASING = YES;
				CLANG_WARN_BOOL_CONVERSION = YES;
				CLANG_WARN_COMMA = YES;
				CLANG_WARN_CONSTANT_CONVERSION = YES;
				CLANG_WARN_DEPRECATED_OBJC_IMPLEMENTATIONS = YES;
				CLANG_WARN_DIRECT_OBJC_ISA_USAGE = YES_ERROR;
				CLANG_WARN_DOCUMENTATION_COMMENTS = YES;
				CLANG_WARN_EMPTY_BODY = YES;
				CLANG_WARN_ENUM_CONVERSION = YES;
				CLANG_WARN_INFINITE_RECURSION = YES;
				CLANG_WARN_INT_CONVERSION = YES;
				CLANG_WARN_NON_LITERAL_NULL_CONVERSION = YES;
				CLANG_WARN_OBJC_IMPLICIT_RETAIN_SELF = YES;
				CLANG_WARN_OBJC_LITERAL_CONVERSION = YES;
				CLANG_WARN_OBJC_ROOT_CLASS = YES_ERROR;
				CLANG_WARN_RANGE_LOOP_ANALYSIS = YES;
				CLANG_WARN_STRICT_PROTOTYPES = YES;
				CLANG_WARN_SUSPICIOUS_MOVE = YES;
				CLANG_WARN_UNGUARDED_AVAILABILITY = YES_AGGRESSIVE;
				CLANG_WARN_UNREACHABLE_CODE = YES;
				CLANG_WARN__DUPLICATE_METHOD_MATCH = YES;
				CODE_SIGN_IDENTITY = "iPhone Developer";
				COPY_PHASE_STRIP = NO;
				DEBUG_INFORMATION_FORMAT = "dwarf-with-dsym";
				ENABLE_NS_ASSERTIONS = NO;
				ENABLE_STRICT_OBJC_MSGSEND = YES;
				GCC_C_LANGUAGE_STANDARD = gnu11;
				GCC_NO_COMMON_BLOCKS = YES;
				GCC_WARN_64_TO_32_BIT_CONVERSION = YES;
				GCC_WARN_ABOUT_RETURN_TYPE = YES_ERROR;
				GCC_WARN_UNDECLARED_SELECTOR = YES;
				GCC_WARN_UNINITIALIZED_AUTOS = YES_AGGRESSIVE;
				GCC_WARN_UNUSED_FUNCTION = YES;
				GCC_WARN_UNUSED_VARIABLE = YES;
				IPHONEOS_DEPLOYMENT_TARGET = 12.2;
				MTL_ENABLE_DEBUG_INFO = NO;
				MTL_FAST_MATH = YES;
				SDKROOT = iphoneos;
				SWIFT_COMPILATION_MODE = wholemodule;
				SWIFT_OPTIMIZATION_LEVEL = "-O";
				VALIDATE_PRODUCT = YES;
			};
			name = Release;
		};
		AC0B984D2290F494008E8FCE /* Debug */ = {
			isa = XCBuildConfiguration;
			baseConfigurationReference = DCB0283DC11BB40817358C1C /* Pods-agora.debug.xcconfig */;
			buildSettings = {
				ASSETCATALOG_COMPILER_APPICON_NAME = AppIcon;
				CODE_SIGN_STYLE = Automatic;
				DEVELOPMENT_TEAM = GBK3FN472H;
				INFOPLIST_FILE = agora/Info.plist;
				IPHONEOS_DEPLOYMENT_TARGET = 12.0;
				LD_RUNPATH_SEARCH_PATHS = (
					"$(inherited)",
					"@executable_path/Frameworks",
				);
				PRODUCT_BUNDLE_IDENTIFIER = com.ufpe.cin.agora;
				PRODUCT_NAME = "$(TARGET_NAME)";
				SWIFT_VERSION = 4.2;
				TARGETED_DEVICE_FAMILY = "1,2";
			};
			name = Debug;
		};
		AC0B984E2290F494008E8FCE /* Release */ = {
			isa = XCBuildConfiguration;
			baseConfigurationReference = FA7F0471CA15B350D4DDA445 /* Pods-agora.release.xcconfig */;
			buildSettings = {
				ASSETCATALOG_COMPILER_APPICON_NAME = AppIcon;
				CODE_SIGN_STYLE = Automatic;
				DEVELOPMENT_TEAM = GBK3FN472H;
				INFOPLIST_FILE = agora/Info.plist;
				IPHONEOS_DEPLOYMENT_TARGET = 12.0;
				LD_RUNPATH_SEARCH_PATHS = (
					"$(inherited)",
					"@executable_path/Frameworks",
				);
				PRODUCT_BUNDLE_IDENTIFIER = com.ufpe.cin.agora;
				PRODUCT_NAME = "$(TARGET_NAME)";
				SWIFT_VERSION = 4.2;
				TARGETED_DEVICE_FAMILY = "1,2";
			};
			name = Release;
		};
/* End XCBuildConfiguration section */

/* Begin XCConfigurationList section */
		AC0B98352290F491008E8FCE /* Build configuration list for PBXProject "agora" */ = {
			isa = XCConfigurationList;
			buildConfigurations = (
				AC0B984A2290F494008E8FCE /* Debug */,
				AC0B984B2290F494008E8FCE /* Release */,
			);
			defaultConfigurationIsVisible = 0;
			defaultConfigurationName = Release;
		};
		AC0B984C2290F494008E8FCE /* Build configuration list for PBXNativeTarget "agora" */ = {
			isa = XCConfigurationList;
			buildConfigurations = (
				AC0B984D2290F494008E8FCE /* Debug */,
				AC0B984E2290F494008E8FCE /* Release */,
			);
			defaultConfigurationIsVisible = 0;
			defaultConfigurationName = Release;
		};
/* End XCConfigurationList section */
	};
	rootObject = AC0B98322290F491008E8FCE /* Project object */;
}
